
Microsoft Visual Studio Solution File, Format Version 12.00
# Visual Studio 15
VisualStudioVersion = 15.0.26730.16
MinimumVisualStudioVersion = 10.0.40219.1
Project("{FAE04EC0-301F-11D3-BF4B-00C04F79EFBC}") = "TicTac", "TicTac\TicTac.csproj", "{1D9DDB7F-45D4-4CA4-B6A6-2916E676B040}"
EndProject
Global
	GlobalSection(SolutionConfigurationPlatforms) = preSolution
		Debug|Any CPU = Debug|Any CPU
		Release|Any CPU = Release|Any CPU
	EndGlobalSection
	GlobalSection(ProjectConfigurationPlatforms) = postSolution
		{1D9DDB7F-45D4-4CA4-B6A6-2916E676B040}.Debug|Any CPU.ActiveCfg = Debug|Any CPU
		{1D9DDB7F-45D4-4CA4-B6A6-2916E676B040}.Debug|Any CPU.Build.0 = Debug|Any CPU
		{1D9DDB7F-45D4-4CA4-B6A6-2916E676B040}.Release|Any CPU.ActiveCfg = Release|Any CPU
		{1D9DDB7F-45D4-4CA4-B6A6-2916E676B040}.Release|Any CPU.Build.0 = Release|Any CPU
	EndGlobalSection
	GlobalSection(SolutionProperties) = preSolution
		HideSolutionNode = FALSE
	EndGlobalSection
	GlobalSection(ExtensibilityGlobals) = postSolution
		SolutionGuid = {CE769B48-999D-465E-963F-94DF34C80DC5}
	EndGlobalSection
EndGlobal
